
Microsoft Visual Studio Solution File, Format Version 12.00
# Visual Studio 15
VisualStudioVersion = 15.0.28307.489
MinimumVisualStudioVersion = 10.0.40219.1
Project("{FAE04EC0-301F-11D3-BF4B-00C04F79EFBC}") = "APIGateway", "APIGateway\APIGateway.csproj", "{EAD71193-AAB1-47C5-9DDE-2C6D99FFF315}"
EndProject
Project("{FAE04EC0-301F-11D3-BF4B-00C04F79EFBC}") = "CustomersAPI", "CustomersAPI\CustomersAPI.csproj", "{BE961CAF-477A-475F-B8F0-AFCA1759F16D}"
EndProject
Project("{FAE04EC0-301F-11D3-BF4B-00C04F79EFBC}") = "ProductsAPI", "ProductsAPI\ProductsAPI.csproj", "{45FAC2F9-5172-43E7-9803-7B9E6AABA3BC}"
EndProject
Global
	GlobalSection(SolutionConfigurationPlatforms) = preSolution
		Debug|Any CPU = Debug|Any CPU
		Release|Any CPU = Release|Any CPU
	EndGlobalSection
	GlobalSection(ProjectConfigurationPlatforms) = postSolution
		{EAD71193-AAB1-47C5-9DDE-2C6D99FFF315}.Debug|Any CPU.ActiveCfg = Debug|Any CPU
		{EAD71193-AAB1-47C5-9DDE-2C6D99FFF315}.Debug|Any CPU.Build.0 = Debug|Any CPU
		{EAD71193-AAB1-47C5-9DDE-2C6D99FFF315}.Release|Any CPU.ActiveCfg = Release|Any CPU
		{EAD71193-AAB1-47C5-9DDE-2C6D99FFF315}.Release|Any CPU.Build.0 = Release|Any CPU
		{BE961CAF-477A-475F-B8F0-AFCA1759F16D}.Debug|Any CPU.ActiveCfg = Debug|Any CPU
		{BE961CAF-477A-475F-B8F0-AFCA1759F16D}.Debug|Any CPU.Build.0 = Debug|Any CPU
		{BE961CAF-477A-475F-B8F0-AFCA1759F16D}.Release|Any CPU.ActiveCfg = Release|Any CPU
		{BE961CAF-477A-475F-B8F0-AFCA1759F16D}.Release|Any CPU.Build.0 = Release|Any CPU
		{45FAC2F9-5172-43E7-9803-7B9E6AABA3BC}.Debug|Any CPU.ActiveCfg = Debug|Any CPU
		{45FAC2F9-5172-43E7-9803-7B9E6AABA3BC}.Debug|Any CPU.Build.0 = Debug|Any CPU
		{45FAC2F9-5172-43E7-9803-7B9E6AABA3BC}.Release|Any CPU.ActiveCfg = Release|Any CPU
		{45FAC2F9-5172-43E7-9803-7B9E6AABA3BC}.Release|Any CPU.Build.0 = Release|Any CPU
	EndGlobalSection
	GlobalSection(SolutionProperties) = preSolution
		HideSolutionNode = FALSE
	EndGlobalSection
	GlobalSection(ExtensibilityGlobals) = postSolution
		SolutionGuid = {132A47E0-F666-4E7D-8C05-14AD642C6B23}
	EndGlobalSection
EndGlobal
